// !$*UTF8*$!
{
	archiveVersion = 1;
	classes = {
	};
	objectVersion = 55;
	objects = {

/* Begin PBXBuildFile section */
		5225493628F15A6700D23A5E /* AppDelegate.swift in Sources */ = {isa = PBXBuildFile; fileRef = 5225493528F15A6700D23A5E /* AppDelegate.swift */; };
		5225493828F15A6700D23A5E /* SceneDelegate.swift in Sources */ = {isa = PBXBuildFile; fileRef = 5225493728F15A6700D23A5E /* SceneDelegate.swift */; };
		5225494028F15A6700D23A5E /* UnsplashForJoyDev.xcdatamodeld in Sources */ = {isa = PBXBuildFile; fileRef = 5225493E28F15A6700D23A5E /* UnsplashForJoyDev.xcdatamodeld */; };
		5225494228F15A6900D23A5E /* Assets.xcassets in Resources */ = {isa = PBXBuildFile; fileRef = 5225494128F15A6900D23A5E /* Assets.xcassets */; };
		5225494528F15A6900D23A5E /* LaunchScreen.storyboard in Resources */ = {isa = PBXBuildFile; fileRef = 5225494328F15A6900D23A5E /* LaunchScreen.storyboard */; };
		5225495D28F1705100D23A5E /* LikeImageTableViewController.swift in Sources */ = {isa = PBXBuildFile; fileRef = 5225495C28F1705100D23A5E /* LikeImageTableViewController.swift */; };
		5225496D28F29B4300D23A5E /* DetailInfoViewController.swift in Sources */ = {isa = PBXBuildFile; fileRef = 5225496C28F29B4300D23A5E /* DetailInfoViewController.swift */; };
		5225497028F2A5BC00D23A5E /* TabBarViewController.swift in Sources */ = {isa = PBXBuildFile; fileRef = 5225496F28F2A5BC00D23A5E /* TabBarViewController.swift */; };
		87D6C8BCE49710298F343007 /* Pods_UnsplashForJoyDev.framework in Frameworks */ = {isa = PBXBuildFile; fileRef = 9AF3CC5D6C284C5115A86B43 /* Pods_UnsplashForJoyDev.framework */; };
/* End PBXBuildFile section */

/* Begin PBXFileReference section */
		5225493228F15A6700D23A5E /* UnsplashForJoyDev.app */ = {isa = PBXFileReference; explicitFileType = wrapper.application; includeInIndex = 0; path = UnsplashForJoyDev.app; sourceTree = BUILT_PRODUCTS_DIR; };
		5225493528F15A6700D23A5E /* AppDelegate.swift */ = {isa = PBXFileReference; lastKnownFileType = sourcecode.swift; path = AppDelegate.swift; sourceTree = "<group>"; };
		5225493728F15A6700D23A5E /* SceneDelegate.swift */ = {isa = PBXFileReference; lastKnownFileType = sourcecode.swift; path = SceneDelegate.swift; sourceTree = "<group>"; };
		5225493F28F15A6700D23A5E /* UnsplashForJoyDev.xcdatamodel */ = {isa = PBXFileReference; lastKnownFileType = wrapper.xcdatamodel; path = UnsplashForJoyDev.xcdatamodel; sourceTree = "<group>"; };
		5225494128F15A6900D23A5E /* Assets.xcassets */ = {isa = PBXFileReference; lastKnownFileType = folder.assetcatalog; path = Assets.xcassets; sourceTree = "<group>"; };
		5225494428F15A6900D23A5E /* Base */ = {isa = PBXFileReference; lastKnownFileType = file.storyboard; name = Base; path = Base.lproj/LaunchScreen.storyboard; sourceTree = "<group>"; };
		5225494628F15A6900D23A5E /* Info.plist */ = {isa = PBXFileReference; lastKnownFileType = text.plist.xml; path = Info.plist; sourceTree = "<group>"; };
		5225495C28F1705100D23A5E /* LikeImageTableViewController.swift */ = {isa = PBXFileReference; lastKnownFileType = sourcecode.swift; path = LikeImageTableViewController.swift; sourceTree = "<group>"; };
		5225496C28F29B4300D23A5E /* DetailInfoViewController.swift */ = {isa = PBXFileReference; lastKnownFileType = sourcecode.swift; path = DetailInfoViewController.swift; sourceTree = "<group>"; };
		5225496F28F2A5BC00D23A5E /* TabBarViewController.swift */ = {isa = PBXFileReference; lastKnownFileType = sourcecode.swift; path = TabBarViewController.swift; sourceTree = "<group>"; };
		9AF3CC5D6C284C5115A86B43 /* Pods_UnsplashForJoyDev.framework */ = {isa = PBXFileReference; explicitFileType = wrapper.framework; includeInIndex = 0; path = Pods_UnsplashForJoyDev.framework; sourceTree = BUILT_PRODUCTS_DIR; };
		9E47D40A70D13638D34BA952 /* Pods-UnsplashForJoyDev.release.xcconfig */ = {isa = PBXFileReference; includeInIndex = 1; lastKnownFileType = text.xcconfig; name = "Pods-UnsplashForJoyDev.release.xcconfig"; path = "Target Support Files/Pods-UnsplashForJoyDev/Pods-UnsplashForJoyDev.release.xcconfig"; sourceTree = "<group>"; };
		DCBA2866017EF6BA7266C0DA /* Pods-UnsplashForJoyDev.debug.xcconfig */ = {isa = PBXFileReference; includeInIndex = 1; lastKnownFileType = text.xcconfig; name = "Pods-UnsplashForJoyDev.debug.xcconfig"; path = "Target Support Files/Pods-UnsplashForJoyDev/Pods-UnsplashForJoyDev.debug.xcconfig"; sourceTree = "<group>"; };
/* End PBXFileReference section */

/* Begin PBXFrameworksBuildPhase section */
		5225492F28F15A6700D23A5E /* Frameworks */ = {
			isa = PBXFrameworksBuildPhase;
			buildActionMask = 2147483647;
			files = (
				87D6C8BCE49710298F343007 /* Pods_UnsplashForJoyDev.framework in Frameworks */,
			);
			runOnlyForDeploymentPostprocessing = 0;
		};
/* End PBXFrameworksBuildPhase section */

/* Begin PBXGroup section */
		1365F382EB373331E8E417AC /* Pods */ = {
			isa = PBXGroup;
			children = (
				DCBA2866017EF6BA7266C0DA /* Pods-UnsplashForJoyDev.debug.xcconfig */,
				9E47D40A70D13638D34BA952 /* Pods-UnsplashForJoyDev.release.xcconfig */,
			);
			path = Pods;
			sourceTree = "<group>";
		};
		5225492928F15A6600D23A5E = {
			isa = PBXGroup;
			children = (
				5225493428F15A6700D23A5E /* UnsplashForJoyDev */,
				5225493328F15A6700D23A5E /* Products */,
				1365F382EB373331E8E417AC /* Pods */,
				66A0AC3CD7A3A11744260B36 /* Frameworks */,
			);
			sourceTree = "<group>";
		};
		5225493328F15A6700D23A5E /* Products */ = {
			isa = PBXGroup;
			children = (
				5225493228F15A6700D23A5E /* UnsplashForJoyDev.app */,
			);
			name = Products;
			sourceTree = "<group>";
		};
		5225493428F15A6700D23A5E /* UnsplashForJoyDev */ = {
			isa = PBXGroup;
			children = (
				5225496128F17C9C00D23A5E /* Model */,
				5225496228F17CA300D23A5E /* View */,
				5225496328F17CA900D23A5E /* Controller */,
				5225494E28F15AF300D23A5E /* AppDelegate */,
				5225495028F15B2000D23A5E /* Supporting Files */,
				5225494F28F15B0D00D23A5E /* Resources */,
			);
			path = UnsplashForJoyDev;
			sourceTree = "<group>";
		};
		5225494E28F15AF300D23A5E /* AppDelegate */ = {
			isa = PBXGroup;
			children = (
				5225493528F15A6700D23A5E /* AppDelegate.swift */,
				5225493728F15A6700D23A5E /* SceneDelegate.swift */,
			);
			path = AppDelegate;
			sourceTree = "<group>";
		};
		5225494F28F15B0D00D23A5E /* Resources */ = {
			isa = PBXGroup;
			children = (
				5225494128F15A6900D23A5E /* Assets.xcassets */,
			);
			path = Resources;
			sourceTree = "<group>";
		};
		5225495028F15B2000D23A5E /* Supporting Files */ = {
			isa = PBXGroup;
			children = (
				5225494628F15A6900D23A5E /* Info.plist */,
				5225493E28F15A6700D23A5E /* UnsplashForJoyDev.xcdatamodeld */,
			);
			path = "Supporting Files";
			sourceTree = "<group>";
		};
		5225495328F162C900D23A5E /* LikeImage */ = {
			isa = PBXGroup;
			children = (
				5225495C28F1705100D23A5E /* LikeImageTableViewController.swift */,
			);
			path = LikeImage;
			sourceTree = "<group>";
		};
		5225496128F17C9C00D23A5E /* Model */ = {
			isa = PBXGroup;
			children = (
			);
			path = Model;
			sourceTree = "<group>";
		};
		5225496228F17CA300D23A5E /* View */ = {
			isa = PBXGroup;
			children = (
				5225494328F15A6900D23A5E /* LaunchScreen.storyboard */,
			);
			path = View;
			sourceTree = "<group>";
		};
		5225496328F17CA900D23A5E /* Controller */ = {
			isa = PBXGroup;
			children = (
				5225496E28F2A56200D23A5E /* TabBar */,
				5225495328F162C900D23A5E /* LikeImage */,
				5225497128F2AB3B00D23A5E /* DetailInfo */,
			);
			path = Controller;
			sourceTree = "<group>";
		};
		5225496E28F2A56200D23A5E /* TabBar */ = {
			isa = PBXGroup;
			children = (
				5225496F28F2A5BC00D23A5E /* TabBarViewController.swift */,
			);
			path = TabBar;
			sourceTree = "<group>";
		};
		5225497128F2AB3B00D23A5E /* DetailInfo */ = {
			isa = PBXGroup;
			children = (
				5225496C28F29B4300D23A5E /* DetailInfoViewController.swift */,
			);
			name = DetailInfo;
			sourceTree = "<group>";
		};
		66A0AC3CD7A3A11744260B36 /* Frameworks */ = {
			isa = PBXGroup;
			children = (
				9AF3CC5D6C284C5115A86B43 /* Pods_UnsplashForJoyDev.framework */,
			);
			name = Frameworks;
			sourceTree = "<group>";
		};
/* End PBXGroup section */

/* Begin PBXNativeTarget section */
		5225493128F15A6700D23A5E /* UnsplashForJoyDev */ = {
			isa = PBXNativeTarget;
			buildConfigurationList = 5225494928F15A6900D23A5E /* Build configuration list for PBXNativeTarget "UnsplashForJoyDev" */;
			buildPhases = (
				8EF0486B2D3F59DBB4FC1836 /* [CP] Check Pods Manifest.lock */,
				5225492E28F15A6700D23A5E /* Sources */,
				5225492F28F15A6700D23A5E /* Frameworks */,
				5225493028F15A6700D23A5E /* Resources */,
				8593C3A6B0DCBE9753F5E454 /* [CP] Embed Pods Frameworks */,
			);
			buildRules = (
			);
			dependencies = (
			);
			name = UnsplashForJoyDev;
			productName = UnsplashForJoyDev;
			productReference = 5225493228F15A6700D23A5E /* UnsplashForJoyDev.app */;
			productType = "com.apple.product-type.application";
		};
/* End PBXNativeTarget section */

/* Begin PBXProject section */
		5225492A28F15A6600D23A5E /* Project object */ = {
			isa = PBXProject;
			attributes = {
				BuildIndependentTargetsInParallel = 1;
				LastSwiftUpdateCheck = 1320;
				LastUpgradeCheck = 1320;
				TargetAttributes = {
					5225493128F15A6700D23A5E = {
						CreatedOnToolsVersion = 13.2.1;
					};
				};
			};
			buildConfigurationList = 5225492D28F15A6600D23A5E /* Build configuration list for PBXProject "UnsplashForJoyDev" */;
			compatibilityVersion = "Xcode 13.0";
			developmentRegion = en;
			hasScannedForEncodings = 0;
			knownRegions = (
				en,
				Base,
			);
			mainGroup = 5225492928F15A6600D23A5E;
			productRefGroup = 5225493328F15A6700D23A5E /* Products */;
			projectDirPath = "";
			projectRoot = "";
			targets = (
				5225493128F15A6700D23A5E /* UnsplashForJoyDev */,
			);
		};
/* End PBXProject section */

/* Begin PBXResourcesBuildPhase section */
		5225493028F15A6700D23A5E /* Resources */ = {
			isa = PBXResourcesBuildPhase;
			buildActionMask = 2147483647;
			files = (
				5225494528F15A6900D23A5E /* LaunchScreen.storyboard in Resources */,
				5225494228F15A6900D23A5E /* Assets.xcassets in Resources */,
			);
			runOnlyForDeploymentPostprocessing = 0;
		};
/* End PBXResourcesBuildPhase section */

/* Begin PBXShellScriptBuildPhase section */
		8593C3A6B0DCBE9753F5E454 /* [CP] Embed Pods Frameworks */ = {
			isa = PBXShellScriptBuildPhase;
			buildActionMask = 2147483647;
			files = (
			);
			inputFileListPaths = (
				"${PODS_ROOT}/Target Support Files/Pods-UnsplashForJoyDev/Pods-UnsplashForJoyDev-frameworks-${CONFIGURATION}-input-files.xcfilelist",
			);
			name = "[CP] Embed Pods Frameworks";
			outputFileListPaths = (
				"${PODS_ROOT}/Target Support Files/Pods-UnsplashForJoyDev/Pods-UnsplashForJoyDev-frameworks-${CONFIGURATION}-output-files.xcfilelist",
			);
			runOnlyForDeploymentPostprocessing = 0;
			shellPath = /bin/sh;
			shellScript = "\"${PODS_ROOT}/Target Support Files/Pods-UnsplashForJoyDev/Pods-UnsplashForJoyDev-frameworks.sh\"\n";
			showEnvVarsInLog = 0;
		};
		8EF0486B2D3F59DBB4FC1836 /* [CP] Check Pods Manifest.lock */ = {
			isa = PBXShellScriptBuildPhase;
			buildActionMask = 2147483647;
			files = (
			);
			inputFileListPaths = (
			);
			inputPaths = (
				"${PODS_PODFILE_DIR_PATH}/Podfile.lock",
				"${PODS_ROOT}/Manifest.lock",
			);
			name = "[CP] Check Pods Manifest.lock";
			outputFileListPaths = (
			);
			outputPaths = (
				"$(DERIVED_FILE_DIR)/Pods-UnsplashForJoyDev-checkManifestLockResult.txt",
			);
			runOnlyForDeploymentPostprocessing = 0;
			shellPath = /bin/sh;
			shellScript = "diff \"${PODS_PODFILE_DIR_PATH}/Podfile.lock\" \"${PODS_ROOT}/Manifest.lock\" > /dev/null\nif [ $? != 0 ] ; then\n    # print error to STDERR\n    echo \"error: The sandbox is not in sync with the Podfile.lock. Run 'pod install' or update your CocoaPods installation.\" >&2\n    exit 1\nfi\n# This output is used by Xcode 'outputs' to avoid re-running this script phase.\necho \"SUCCESS\" > \"${SCRIPT_OUTPUT_FILE_0}\"\n";
			showEnvVarsInLog = 0;
		};
/* End PBXShellScriptBuildPhase section */

/* Begin PBXSourcesBuildPhase section */
		5225492E28F15A6700D23A5E /* Sources */ = {
			isa = PBXSourcesBuildPhase;
			buildActionMask = 2147483647;
			files = (
				5225495D28F1705100D23A5E /* LikeImageTableViewController.swift in Sources */,
				5225494028F15A6700D23A5E /* UnsplashForJoyDev.xcdatamodeld in Sources */,
				5225493628F15A6700D23A5E /* AppDelegate.swift in Sources */,
				5225497028F2A5BC00D23A5E /* TabBarViewController.swift in Sources */,
				5225493828F15A6700D23A5E /* SceneDelegate.swift in Sources */,
				5225496D28F29B4300D23A5E /* DetailInfoViewController.swift in Sources */,
			);
			runOnlyForDeploymentPostprocessing = 0;
		};
/* End PBXSourcesBuildPhase section */

/* Begin PBXVariantGroup section */
		5225494328F15A6900D23A5E /* LaunchScreen.storyboard */ = {
			isa = PBXVariantGroup;
			children = (
				5225494428F15A6900D23A5E /* Base */,
			);
			name = LaunchScreen.storyboard;
			sourceTree = "<group>";
		};
/* End PBXVariantGroup section */

/* Begin XCBuildConfiguration section */
		5225494728F15A6900D23A5E /* Debug */ = {
			isa = XCBuildConfiguration;
			buildSettings = {
				ALWAYS_SEARCH_USER_PATHS = NO;
				CLANG_ANALYZER_NONNULL = YES;
				CLANG_ANALYZER_NUMBER_OBJECT_CONVERSION = YES_AGGRESSIVE;
				CLANG_CXX_LANGUAGE_STANDARD = "gnu++17";
				CLANG_CXX_LIBRARY = "libc++";
				CLANG_ENABLE_MODULES = YES;
				CLANG_ENABLE_OBJC_ARC = YES;
				CLANG_ENABLE_OBJC_WEAK = YES;
				CLANG_WARN_BLOCK_CAPTURE_AUTORELEASING = YES;
				CLANG_WARN_BOOL_CONVERSION = YES;
				CLANG_WARN_COMMA = YES;
				CLANG_WARN_CONSTANT_CONVERSION = YES;
				CLANG_WARN_DEPRECATED_OBJC_IMPLEMENTATIONS = YES;
				CLANG_WARN_DIRECT_OBJC_ISA_USAGE = YES_ERROR;
				CLANG_WARN_DOCUMENTATION_COMMENTS = YES;
				CLANG_WARN_EMPTY_BODY = YES;
				CLANG_WARN_ENUM_CONVERSION = YES;
				CLANG_WARN_INFINITE_RECURSION = YES;
				CLANG_WARN_INT_CONVERSION = YES;
				CLANG_WARN_NON_LITERAL_NULL_CONVERSION = YES;
				CLANG_WARN_OBJC_IMPLICIT_RETAIN_SELF = YES;
				CLANG_WARN_OBJC_LITERAL_CONVERSION = YES;
				CLANG_WARN_OBJC_ROOT_CLASS = YES_ERROR;
				CLANG_WARN_QUOTED_INCLUDE_IN_FRAMEWORK_HEADER = YES;
				CLANG_WARN_RANGE_LOOP_ANALYSIS = YES;
				CLANG_WARN_STRICT_PROTOTYPES = YES;
				CLANG_WARN_SUSPICIOUS_MOVE = YES;
				CLANG_WARN_UNGUARDED_AVAILABILITY = YES_AGGRESSIVE;
				CLANG_WARN_UNREACHABLE_CODE = YES;
				CLANG_WARN__DUPLICATE_METHOD_MATCH = YES;
				COPY_PHASE_STRIP = NO;
				DEBUG_INFORMATION_FORMAT = dwarf;
				ENABLE_STRICT_OBJC_MSGSEND = YES;
				ENABLE_TESTABILITY = YES;
				GCC_C_LANGUAGE_STANDARD = gnu11;
				GCC_DYNAMIC_NO_PIC = NO;
				GCC_NO_COMMON_BLOCKS = YES;
				GCC_OPTIMIZATION_LEVEL = 0;
				GCC_PREPROCESSOR_DEFINITIONS = (
					"DEBUG=1",
					"$(inherited)",
				);
				GCC_WARN_64_TO_32_BIT_CONVERSION = YES;
				GCC_WARN_ABOUT_RETURN_TYPE = YES_ERROR;
				GCC_WARN_UNDECLARED_SELECTOR = YES;
				GCC_WARN_UNINITIALIZED_AUTOS = YES_AGGRESSIVE;
				GCC_WARN_UNUSED_FUNCTION = YES;
				GCC_WARN_UNUSED_VARIABLE = YES;
				IPHONEOS_DEPLOYMENT_TARGET = 15.2;
				MTL_ENABLE_DEBUG_INFO = INCLUDE_SOURCE;
				MTL_FAST_MATH = YES;
				ONLY_ACTIVE_ARCH = YES;
				SDKROOT = iphoneos;
				SWIFT_ACTIVE_COMPILATION_CONDITIONS = DEBUG;
				SWIFT_OPTIMIZATION_LEVEL = "-Onone";
			};
			name = Debug;
		};
		5225494828F15A6900D23A5E /* Release */ = {
			isa = XCBuildConfiguration;
			buildSettings = {
				ALWAYS_SEARCH_USER_PATHS = NO;
				CLANG_ANALYZER_NONNULL = YES;
				CLANG_ANALYZER_NUMBER_OBJECT_CONVERSION = YES_AGGRESSIVE;
				CLANG_CXX_LANGUAGE_STANDARD = "gnu++17";
				CLANG_CXX_LIBRARY = "libc++";
				CLANG_ENABLE_MODULES = YES;
				CLANG_ENABLE_OBJC_ARC = YES;
				CLANG_ENABLE_OBJC_WEAK = YES;
				CLANG_WARN_BLOCK_CAPTURE_AUTORELEASING = YES;
				CLANG_WARN_BOOL_CONVERSION = YES;
				CLANG_WARN_COMMA = YES;
				CLANG_WARN_CONSTANT_CONVERSION = YES;
				CLANG_WARN_DEPRECATED_OBJC_IMPLEMENTATIONS = YES;
				CLANG_WARN_DIRECT_OBJC_ISA_USAGE = YES_ERROR;
				CLANG_WARN_DOCUMENTATION_COMMENTS = YES;
				CLANG_WARN_EMPTY_BODY = YES;
				CLANG_WARN_ENUM_CONVERSION = YES;
				CLANG_WARN_INFINITE_RECURSION = YES;
				CLANG_WARN_INT_CONVERSION = YES;
				CLANG_WARN_NON_LITERAL_NULL_CONVERSION = YES;
				CLANG_WARN_OBJC_IMPLICIT_RETAIN_SELF = YES;
				CLANG_WARN_OBJC_LITERAL_CONVERSION = YES;
				CLANG_WARN_OBJC_ROOT_CLASS = YES_ERROR;
				CLANG_WARN_QUOTED_INCLUDE_IN_FRAMEWORK_HEADER = YES;
				CLANG_WARN_RANGE_LOOP_ANALYSIS = YES;
				CLANG_WARN_STRICT_PROTOTYPES = YES;
				CLANG_WARN_SUSPICIOUS_MOVE = YES;
				CLANG_WARN_UNGUARDED_AVAILABILITY = YES_AGGRESSIVE;
				CLANG_WARN_UNREACHABLE_CODE = YES;
				CLANG_WARN__DUPLICATE_METHOD_MATCH = YES;
				COPY_PHASE_STRIP = NO;
				DEBUG_INFORMATION_FORMAT = "dwarf-with-dsym";
				ENABLE_NS_ASSERTIONS = NO;
				ENABLE_STRICT_OBJC_MSGSEND = YES;
				GCC_C_LANGUAGE_STANDARD = gnu11;
				GCC_NO_COMMON_BLOCKS = YES;
				GCC_WARN_64_TO_32_BIT_CONVERSION = YES;
				GCC_WARN_ABOUT_RETURN_TYPE = YES_ERROR;
				GCC_WARN_UNDECLARED_SELECTOR = YES;
				GCC_WARN_UNINITIALIZED_AUTOS = YES_AGGRESSIVE;
				GCC_WARN_UNUSED_FUNCTION = YES;
				GCC_WARN_UNUSED_VARIABLE = YES;
				IPHONEOS_DEPLOYMENT_TARGET = 15.2;
				MTL_ENABLE_DEBUG_INFO = NO;
				MTL_FAST_MATH = YES;
				SDKROOT = iphoneos;
				SWIFT_COMPILATION_MODE = wholemodule;
				SWIFT_OPTIMIZATION_LEVEL = "-O";
				VALIDATE_PRODUCT = YES;
			};
			name = Release;
		};
		5225494A28F15A6900D23A5E /* Debug */ = {
			isa = XCBuildConfiguration;
			baseConfigurationReference = DCBA2866017EF6BA7266C0DA /* Pods-UnsplashForJoyDev.debug.xcconfig */;
			buildSettings = {
				ASSETCATALOG_COMPILER_APPICON_NAME = AppIcon;
				ASSETCATALOG_COMPILER_GLOBAL_ACCENT_COLOR_NAME = AccentColor;
				CODE_SIGN_STYLE = Automatic;
				CURRENT_PROJECT_VERSION = 1;
				DEVELOPMENT_TEAM = 7QYBSPPC5D;
				GENERATE_INFOPLIST_FILE = YES;
				INFOPLIST_FILE = "UnsplashForJoyDev/Supporting Files/Info.plist";
				INFOPLIST_KEY_UIApplicationSupportsIndirectInputEvents = YES;
				INFOPLIST_KEY_UILaunchStoryboardName = LaunchScreen;
				INFOPLIST_KEY_UISupportedInterfaceOrientations_iPad = "UIInterfaceOrientationPortrait UIInterfaceOrientationPortraitUpsideDown UIInterfaceOrientationLandscapeLeft UIInterfaceOrientationLandscapeRight";
				INFOPLIST_KEY_UISupportedInterfaceOrientations_iPhone = "UIInterfaceOrientationPortrait UIInterfaceOrientationLandscapeLeft UIInterfaceOrientationLandscapeRight";
				LD_RUNPATH_SEARCH_PATHS = (
					"$(inherited)",
					"@executable_path/Frameworks",
				);
				MARKETING_VERSION = 1.0;
				PRODUCT_BUNDLE_IDENTIFIER = Igdisanov.UnsplashForJoyDev;
				PRODUCT_NAME = "$(TARGET_NAME)";
				SWIFT_EMIT_LOC_STRINGS = YES;
				SWIFT_VERSION = 5.0;
				TARGETED_DEVICE_FAMILY = "1,2";
			};
			name = Debug;
		};
		5225494B28F15A6900D23A5E /* Release */ = {
			isa = XCBuildConfiguration;
			baseConfigurationReference = 9E47D40A70D13638D34BA952 /* Pods-UnsplashForJoyDev.release.xcconfig */;
			buildSettings = {
				ASSETCATALOG_COMPILER_APPICON_NAME = AppIcon;
				ASSETCATALOG_COMPILER_GLOBAL_ACCENT_COLOR_NAME = AccentColor;
				CODE_SIGN_STYLE = Automatic;
				CURRENT_PROJECT_VERSION = 1;
				DEVELOPMENT_TEAM = 7QYBSPPC5D;
				GENERATE_INFOPLIST_FILE = YES;
				INFOPLIST_FILE = "UnsplashForJoyDev/Supporting Files/Info.plist";
				INFOPLIST_KEY_UIApplicationSupportsIndirectInputEvents = YES;
				INFOPLIST_KEY_UILaunchStoryboardName = LaunchScreen;
				INFOPLIST_KEY_UISupportedInterfaceOrientations_iPad = "UIInterfaceOrientationPortrait UIInterfaceOrientationPortraitUpsideDown UIInterfaceOrientationLandscapeLeft UIInterfaceOrientationLandscapeRight";
				INFOPLIST_KEY_UISupportedInterfaceOrientations_iPhone = "UIInterfaceOrientationPortrait UIInterfaceOrientationLandscapeLeft UIInterfaceOrientationLandscapeRight";
				LD_RUNPATH_SEARCH_PATHS = (
					"$(inherited)",
					"@executable_path/Frameworks",
				);
				MARKETING_VERSION = 1.0;
				PRODUCT_BUNDLE_IDENTIFIER = Igdisanov.UnsplashForJoyDev;
				PRODUCT_NAME = "$(TARGET_NAME)";
				SWIFT_EMIT_LOC_STRINGS = YES;
				SWIFT_VERSION = 5.0;
				TARGETED_DEVICE_FAMILY = "1,2";
			};
			name = Release;
		};
/* End XCBuildConfiguration section */

/* Begin XCConfigurationList section */
		5225492D28F15A6600D23A5E /* Build configuration list for PBXProject "UnsplashForJoyDev" */ = {
			isa = XCConfigurationList;
			buildConfigurations = (
				5225494728F15A6900D23A5E /* Debug */,
				5225494828F15A6900D23A5E /* Release */,
			);
			defaultConfigurationIsVisible = 0;
			defaultConfigurationName = Release;
		};
		5225494928F15A6900D23A5E /* Build configuration list for PBXNativeTarget "UnsplashForJoyDev" */ = {
			isa = XCConfigurationList;
			buildConfigurations = (
				5225494A28F15A6900D23A5E /* Debug */,
				5225494B28F15A6900D23A5E /* Release */,
			);
			defaultConfigurationIsVisible = 0;
			defaultConfigurationName = Release;
		};
/* End XCConfigurationList section */

/* Begin XCVersionGroup section */
		5225493E28F15A6700D23A5E /* UnsplashForJoyDev.xcdatamodeld */ = {
			isa = XCVersionGroup;
			children = (
				5225493F28F15A6700D23A5E /* UnsplashForJoyDev.xcdatamodel */,
			);
			currentVersion = 5225493F28F15A6700D23A5E /* UnsplashForJoyDev.xcdatamodel */;
			path = UnsplashForJoyDev.xcdatamodeld;
			sourceTree = "<group>";
			versionGroupType = wrapper.xcdatamodel;
		};
/* End XCVersionGroup section */
	};
	rootObject = 5225492A28F15A6600D23A5E /* Project object */;
}
